// !$*UTF8*$!
{
	archiveVersion = 1;
	classes = {
	};
	objectVersion = 50;
	objects = {

/* Begin PBXBuildFile section */
		2BCE9EC82320D4EB0065B479 /* AppDelegate.m in Sources */ = {isa = PBXBuildFile; fileRef = 2BCE9EC72320D4EB0065B479 /* AppDelegate.m */; };
		2BCE9ECB2320D4EB0065B479 /* ViewController.m in Sources */ = {isa = PBXBuildFile; fileRef = 2BCE9ECA2320D4EB0065B479 /* ViewController.m */; };
		2BCE9ECE2320D4EB0065B479 /* Main.storyboard in Resources */ = {isa = PBXBuildFile; fileRef = 2BCE9ECC2320D4EB0065B479 /* Main.storyboard */; };
		2BCE9ED02320D4EC0065B479 /* Assets.xcassets in Resources */ = {isa = PBXBuildFile; fileRef = 2BCE9ECF2320D4EC0065B479 /* Assets.xcassets */; };
		2BCE9ED32320D4EC0065B479 /* LaunchScreen.storyboard in Resources */ = {isa = PBXBuildFile; fileRef = 2BCE9ED12320D4EC0065B479 /* LaunchScreen.storyboard */; };
		2BCE9ED62320D4EC0065B479 /* main.m in Sources */ = {isa = PBXBuildFile; fileRef = 2BCE9ED52320D4EC0065B479 /* main.m */; };
		2BCE9EE02320D4EC0065B479 /* gitTest2Tests.m in Sources */ = {isa = PBXBuildFile; fileRef = 2BCE9EDF2320D4EC0065B479 /* gitTest2Tests.m */; };
		2BCE9EEB2320D4EC0065B479 /* gitTest2UITests.m in Sources */ = {isa = PBXBuildFile; fileRef = 2BCE9EEA2320D4EC0065B479 /* gitTest2UITests.m */; };
		2BCE9EFA2320D5530065B479 /* liveModel.m in Sources */ = {isa = PBXBuildFile; fileRef = 2BCE9EF92320D5530065B479 /* liveModel.m */; };
		2BCE9EFC2321121A0065B479 /* .gitignore in Resources */ = {isa = PBXBuildFile; fileRef = 2BCE9EFB2321121A0065B479 /* .gitignore */; };
/* End PBXBuildFile section */

/* Begin PBXContainerItemProxy section */
		2BCE9EDC2320D4EC0065B479 /* PBXContainerItemProxy */ = {
			isa = PBXContainerItemProxy;
			containerPortal = 2BCE9EBB2320D4EB0065B479 /* Project object */;
			proxyType = 1;
			remoteGlobalIDString = 2BCE9EC22320D4EB0065B479;
			remoteInfo = gitTest2;
		};
		2BCE9EE72320D4EC0065B479 /* PBXContainerItemProxy */ = {
			isa = PBXContainerItemProxy;
			containerPortal = 2BCE9EBB2320D4EB0065B479 /* Project object */;
			proxyType = 1;
			remoteGlobalIDString = 2BCE9EC22320D4EB0065B479;
			remoteInfo = gitTest2;
		};
/* End PBXContainerItemProxy section */

/* Begin PBXFileReference section */
		2BCE9EC32320D4EB0065B479 /* gitTest2.app */ = {isa = PBXFileReference; explicitFileType = wrapper.application; includeInIndex = 0; path = gitTest2.app; sourceTree = BUILT_PRODUCTS_DIR; };
		2BCE9EC62320D4EB0065B479 /* AppDelegate.h */ = {isa = PBXFileReference; lastKnownFileType = sourcecode.c.h; path = AppDelegate.h; sourceTree = "<group>"; };
		2BCE9EC72320D4EB0065B479 /* AppDelegate.m */ = {isa = PBXFileReference; lastKnownFileType = sourcecode.c.objc; path = AppDelegate.m; sourceTree = "<group>"; };
		2BCE9EC92320D4EB0065B479 /* ViewController.h */ = {isa = PBXFileReference; lastKnownFileType = sourcecode.c.h; path = ViewController.h; sourceTree = "<group>"; };
		2BCE9ECA2320D4EB0065B479 /* ViewController.m */ = {isa = PBXFileReference; lastKnownFileType = sourcecode.c.objc; path = ViewController.m; sourceTree = "<group>"; };
		2BCE9ECD2320D4EB0065B479 /* Base */ = {isa = PBXFileReference; lastKnownFileType = file.storyboard; name = Base; path = Base.lproj/Main.storyboard; sourceTree = "<group>"; };
		2BCE9ECF2320D4EC0065B479 /* Assets.xcassets */ = {isa = PBXFileReference; lastKnownFileType = folder.assetcatalog; path = Assets.xcassets; sourceTree = "<group>"; };
		2BCE9ED22320D4EC0065B479 /* Base */ = {isa = PBXFileReference; lastKnownFileType = file.storyboard; name = Base; path = Base.lproj/LaunchScreen.storyboard; sourceTree = "<group>"; };
		2BCE9ED42320D4EC0065B479 /* Info.plist */ = {isa = PBXFileReference; lastKnownFileType = text.plist.xml; path = Info.plist; sourceTree = "<group>"; };
		2BCE9ED52320D4EC0065B479 /* main.m */ = {isa = PBXFileReference; lastKnownFileType = sourcecode.c.objc; path = main.m; sourceTree = "<group>"; };
		2BCE9EDB2320D4EC0065B479 /* gitTest2Tests.xctest */ = {isa = PBXFileReference; explicitFileType = wrapper.cfbundle; includeInIndex = 0; path = gitTest2Tests.xctest; sourceTree = BUILT_PRODUCTS_DIR; };
		2BCE9EDF2320D4EC0065B479 /* gitTest2Tests.m */ = {isa = PBXFileReference; lastKnownFileType = sourcecode.c.objc; path = gitTest2Tests.m; sourceTree = "<group>"; };
		2BCE9EE12320D4EC0065B479 /* Info.plist */ = {isa = PBXFileReference; lastKnownFileType = text.plist.xml; path = Info.plist; sourceTree = "<group>"; };
		2BCE9EE62320D4EC0065B479 /* gitTest2UITests.xctest */ = {isa = PBXFileReference; explicitFileType = wrapper.cfbundle; includeInIndex = 0; path = gitTest2UITests.xctest; sourceTree = BUILT_PRODUCTS_DIR; };
		2BCE9EEA2320D4EC0065B479 /* gitTest2UITests.m */ = {isa = PBXFileReference; lastKnownFileType = sourcecode.c.objc; path = gitTest2UITests.m; sourceTree = "<group>"; };
		2BCE9EEC2320D4EC0065B479 /* Info.plist */ = {isa = PBXFileReference; lastKnownFileType = text.plist.xml; path = Info.plist; sourceTree = "<group>"; };
		2BCE9EF82320D5530065B479 /* liveModel.h */ = {isa = PBXFileReference; lastKnownFileType = sourcecode.c.h; path = liveModel.h; sourceTree = "<group>"; };
		2BCE9EF92320D5530065B479 /* liveModel.m */ = {isa = PBXFileReference; lastKnownFileType = sourcecode.c.objc; path = liveModel.m; sourceTree = "<group>"; };
		2BCE9EFB2321121A0065B479 /* .gitignore */ = {isa = PBXFileReference; lastKnownFileType = text; path = .gitignore; sourceTree = "<group>"; };
/* End PBXFileReference section */

/* Begin PBXFrameworksBuildPhase section */
		2BCE9EC02320D4EB0065B479 /* Frameworks */ = {
			isa = PBXFrameworksBuildPhase;
			buildActionMask = 2147483647;
			files = (
			);
			runOnlyForDeploymentPostprocessing = 0;
		};
		2BCE9ED82320D4EC0065B479 /* Frameworks */ = {
			isa = PBXFrameworksBuildPhase;
			buildActionMask = 2147483647;
			files = (
			);
			runOnlyForDeploymentPostprocessing = 0;
		};
		2BCE9EE32320D4EC0065B479 /* Frameworks */ = {
			isa = PBXFrameworksBuildPhase;
			buildActionMask = 2147483647;
			files = (
			);
			runOnlyForDeploymentPostprocessing = 0;
		};
/* End PBXFrameworksBuildPhase section */

/* Begin PBXGroup section */
		2BCE9EBA2320D4EB0065B479 = {
			isa = PBXGroup;
			children = (
				2BCE9EFB2321121A0065B479 /* .gitignore */,
				2BCE9EC52320D4EB0065B479 /* gitTest2 */,
				2BCE9EDE2320D4EC0065B479 /* gitTest2Tests */,
				2BCE9EE92320D4EC0065B479 /* gitTest2UITests */,
				2BCE9EC42320D4EB0065B479 /* Products */,
			);
			sourceTree = "<group>";
		};
		2BCE9EC42320D4EB0065B479 /* Products */ = {
			isa = PBXGroup;
			children = (
				2BCE9EC32320D4EB0065B479 /* gitTest2.app */,
				2BCE9EDB2320D4EC0065B479 /* gitTest2Tests.xctest */,
				2BCE9EE62320D4EC0065B479 /* gitTest2UITests.xctest */,
			);
			name = Products;
			sourceTree = "<group>";
		};
		2BCE9EC52320D4EB0065B479 /* gitTest2 */ = {
			isa = PBXGroup;
			children = (
				2BCE9EC62320D4EB0065B479 /* AppDelegate.h */,
				2BCE9EC72320D4EB0065B479 /* AppDelegate.m */,
				2BCE9EC92320D4EB0065B479 /* ViewController.h */,
				2BCE9ECA2320D4EB0065B479 /* ViewController.m */,
				2BCE9ECC2320D4EB0065B479 /* Main.storyboard */,
				2BCE9ECF2320D4EC0065B479 /* Assets.xcassets */,
				2BCE9ED12320D4EC0065B479 /* LaunchScreen.storyboard */,
				2BCE9ED42320D4EC0065B479 /* Info.plist */,
				2BCE9ED52320D4EC0065B479 /* main.m */,
				2BCE9EF82320D5530065B479 /* liveModel.h */,
				2BCE9EF92320D5530065B479 /* liveModel.m */,
			);
			path = gitTest2;
			sourceTree = "<group>";
		};
		2BCE9EDE2320D4EC0065B479 /* gitTest2Tests */ = {
			isa = PBXGroup;
			children = (
				2BCE9EDF2320D4EC0065B479 /* gitTest2Tests.m */,
				2BCE9EE12320D4EC0065B479 /* Info.plist */,
			);
			path = gitTest2Tests;
			sourceTree = "<group>";
		};
		2BCE9EE92320D4EC0065B479 /* gitTest2UITests */ = {
			isa = PBXGroup;
			children = (
				2BCE9EEA2320D4EC0065B479 /* gitTest2UITests.m */,
				2BCE9EEC2320D4EC0065B479 /* Info.plist */,
			);
			path = gitTest2UITests;
			sourceTree = "<group>";
		};
/* End PBXGroup section */

/* Begin PBXNativeTarget section */
		2BCE9EC22320D4EB0065B479 /* gitTest2 */ = {
			isa = PBXNativeTarget;
			buildConfigurationList = 2BCE9EEF2320D4EC0065B479 /* Build configuration list for PBXNativeTarget "gitTest2" */;
			buildPhases = (
				2BCE9EBF2320D4EB0065B479 /* Sources */,
				2BCE9EC02320D4EB0065B479 /* Frameworks */,
				2BCE9EC12320D4EB0065B479 /* Resources */,
			);
			buildRules = (
			);
			dependencies = (
			);
			name = gitTest2;
			productName = gitTest2;
			productReference = 2BCE9EC32320D4EB0065B479 /* gitTest2.app */;
			productType = "com.apple.product-type.application";
		};
		2BCE9EDA2320D4EC0065B479 /* gitTest2Tests */ = {
			isa = PBXNativeTarget;
			buildConfigurationList = 2BCE9EF22320D4EC0065B479 /* Build configuration list for PBXNativeTarget "gitTest2Tests" */;
			buildPhases = (
				2BCE9ED72320D4EC0065B479 /* Sources */,
				2BCE9ED82320D4EC0065B479 /* Frameworks */,
				2BCE9ED92320D4EC0065B479 /* Resources */,
			);
			buildRules = (
			);
			dependencies = (
				2BCE9EDD2320D4EC0065B479 /* PBXTargetDependency */,
			);
			name = gitTest2Tests;
			productName = gitTest2Tests;
			productReference = 2BCE9EDB2320D4EC0065B479 /* gitTest2Tests.xctest */;
			productType = "com.apple.product-type.bundle.unit-test";
		};
		2BCE9EE52320D4EC0065B479 /* gitTest2UITests */ = {
			isa = PBXNativeTarget;
			buildConfigurationList = 2BCE9EF52320D4EC0065B479 /* Build configuration list for PBXNativeTarget "gitTest2UITests" */;
			buildPhases = (
				2BCE9EE22320D4EC0065B479 /* Sources */,
				2BCE9EE32320D4EC0065B479 /* Frameworks */,
				2BCE9EE42320D4EC0065B479 /* Resources */,
			);
			buildRules = (
			);
			dependencies = (
				2BCE9EE82320D4EC0065B479 /* PBXTargetDependency */,
			);
			name = gitTest2UITests;
			productName = gitTest2UITests;
			productReference = 2BCE9EE62320D4EC0065B479 /* gitTest2UITests.xctest */;
			productType = "com.apple.product-type.bundle.ui-testing";
		};
/* End PBXNativeTarget section */

/* Begin PBXProject section */
		2BCE9EBB2320D4EB0065B479 /* Project object */ = {
			isa = PBXProject;
			attributes = {
				LastUpgradeCheck = 1020;
				ORGANIZATIONNAME = pbb;
				TargetAttributes = {
					2BCE9EC22320D4EB0065B479 = {
						CreatedOnToolsVersion = 10.2.1;
					};
					2BCE9EDA2320D4EC0065B479 = {
						CreatedOnToolsVersion = 10.2.1;
						TestTargetID = 2BCE9EC22320D4EB0065B479;
					};
					2BCE9EE52320D4EC0065B479 = {
						CreatedOnToolsVersion = 10.2.1;
						TestTargetID = 2BCE9EC22320D4EB0065B479;
					};
				};
			};
			buildConfigurationList = 2BCE9EBE2320D4EB0065B479 /* Build configuration list for PBXProject "gitTest2" */;
			compatibilityVersion = "Xcode 9.3";
			developmentRegion = en;
			hasScannedForEncodings = 0;
			knownRegions = (
				en,
				Base,
			);
			mainGroup = 2BCE9EBA2320D4EB0065B479;
			productRefGroup = 2BCE9EC42320D4EB0065B479 /* Products */;
			projectDirPath = "";
			projectRoot = "";
			targets = (
				2BCE9EC22320D4EB0065B479 /* gitTest2 */,
				2BCE9EDA2320D4EC0065B479 /* gitTest2Tests */,
				2BCE9EE52320D4EC0065B479 /* gitTest2UITests */,
			);
		};
/* End PBXProject section */

/* Begin PBXResourcesBuildPhase section */
		2BCE9EC12320D4EB0065B479 /* Resources */ = {
			isa = PBXResourcesBuildPhase;
			buildActionMask = 2147483647;
			files = (
				2BCE9EFC2321121A0065B479 /* .gitignore in Resources */,
				2BCE9ED32320D4EC0065B479 /* LaunchScreen.storyboard in Resources */,
				2BCE9ED02320D4EC0065B479 /* Assets.xcassets in Resources */,
				2BCE9ECE2320D4EB0065B479 /* Main.storyboard in Resources */,
			);
			runOnlyForDeploymentPostprocessing = 0;
		};
		2BCE9ED92320D4EC0065B479 /* Resources */ = {
			isa = PBXResourcesBuildPhase;
			buildActionMask = 2147483647;
			files = (
			);
			runOnlyForDeploymentPostprocessing = 0;
		};
		2BCE9EE42320D4EC0065B479 /* Resources */ = {
			isa = PBXResourcesBuildPhase;
			buildActionMask = 2147483647;
			files = (
			);
			runOnlyForDeploymentPostprocessing = 0;
		};
/* End PBXResourcesBuildPhase section */

/* Begin PBXSourcesBuildPhase section */
		2BCE9EBF2320D4EB0065B479 /* Sources */ = {
			isa = PBXSourcesBuildPhase;
			buildActionMask = 2147483647;
			files = (
				2BCE9ECB2320D4EB0065B479 /* ViewController.m in Sources */,
				2BCE9ED62320D4EC0065B479 /* main.m in Sources */,
				2BCE9EC82320D4EB0065B479 /* AppDelegate.m in Sources */,
				2BCE9EFA2320D5530065B479 /* liveModel.m in Sources */,
			);
			runOnlyForDeploymentPostprocessing = 0;
		};
		2BCE9ED72320D4EC0065B479 /* Sources */ = {
			isa = PBXSourcesBuildPhase;
			buildActionMask = 2147483647;
			files = (
				2BCE9EE02320D4EC0065B479 /* gitTest2Tests.m in Sources */,
			);
			runOnlyForDeploymentPostprocessing = 0;
		};
		2BCE9EE22320D4EC0065B479 /* Sources */ = {
			isa = PBXSourcesBuildPhase;
			buildActionMask = 2147483647;
			files = (
				2BCE9EEB2320D4EC0065B479 /* gitTest2UITests.m in Sources */,
			);
			runOnlyForDeploymentPostprocessing = 0;
		};
/* End PBXSourcesBuildPhase section */

/* Begin PBXTargetDependency section */
		2BCE9EDD2320D4EC0065B479 /* PBXTargetDependency */ = {
			isa = PBXTargetDependency;
			target = 2BCE9EC22320D4EB0065B479 /* gitTest2 */;
			targetProxy = 2BCE9EDC2320D4EC0065B479 /* PBXContainerItemProxy */;
		};
		2BCE9EE82320D4EC0065B479 /* PBXTargetDependency */ = {
			isa = PBXTargetDependency;
			target = 2BCE9EC22320D4EB0065B479 /* gitTest2 */;
			targetProxy = 2BCE9EE72320D4EC0065B479 /* PBXContainerItemProxy */;
		};
/* End PBXTargetDependency section */

/* Begin PBXVariantGroup section */
		2BCE9ECC2320D4EB0065B479 /* Main.storyboard */ = {
			isa = PBXVariantGroup;
			children = (
				2BCE9ECD2320D4EB0065B479 /* Base */,
			);
			name = Main.storyboard;
			sourceTree = "<group>";
		};
		2BCE9ED12320D4EC0065B479 /* LaunchScreen.storyboard */ = {
			isa = PBXVariantGroup;
			children = (
				2BCE9ED22320D4EC0065B479 /* Base */,
			);
			name = LaunchScreen.storyboard;
			sourceTree = "<group>";
		};
/* End PBXVariantGroup section */

/* Begin XCBuildConfiguration section */
		2BCE9EED2320D4EC0065B479 /* Debug */ = {
			isa = XCBuildConfiguration;
			buildSettings = {
				ALWAYS_SEARCH_USER_PATHS = NO;
				CLANG_ANALYZER_NONNULL = YES;
				CLANG_ANALYZER_NUMBER_OBJECT_CONVERSION = YES_AGGRESSIVE;
				CLANG_CXX_LANGUAGE_STANDARD = "gnu++14";
				CLANG_CXX_LIBRARY = "libc++";
				CLANG_ENABLE_MODULES = YES;
				CLANG_ENABLE_OBJC_ARC = YES;
				CLANG_ENABLE_OBJC_WEAK = YES;
				CLANG_WARN_BLOCK_CAPTURE_AUTORELEASING = YES;
				CLANG_WARN_BOOL_CONVERSION = YES;
				CLANG_WARN_COMMA = YES;
				CLANG_WARN_CONSTANT_CONVERSION = YES;
				CLANG_WARN_DEPRECATED_OBJC_IMPLEMENTATIONS = YES;
				CLANG_WARN_DIRECT_OBJC_ISA_USAGE = YES_ERROR;
				CLANG_WARN_DOCUMENTATION_COMMENTS = YES;
				CLANG_WARN_EMPTY_BODY = YES;
				CLANG_WARN_ENUM_CONVERSION = YES;
				CLANG_WARN_INFINITE_RECURSION = YES;
				CLANG_WARN_INT_CONVERSION = YES;
				CLANG_WARN_NON_LITERAL_NULL_CONVERSION = YES;
				CLANG_WARN_OBJC_IMPLICIT_RETAIN_SELF = YES;
				CLANG_WARN_OBJC_LITERAL_CONVERSION = YES;
				CLANG_WARN_OBJC_ROOT_CLASS = YES_ERROR;
				CLANG_WARN_RANGE_LOOP_ANALYSIS = YES;
				CLANG_WARN_STRICT_PROTOTYPES = YES;
				CLANG_WARN_SUSPICIOUS_MOVE = YES;
				CLANG_WARN_UNGUARDED_AVAILABILITY = YES_AGGRESSIVE;
				CLANG_WARN_UNREACHABLE_CODE = YES;
				CLANG_WARN__DUPLICATE_METHOD_MATCH = YES;
				CODE_SIGN_IDENTITY = "iPhone Developer";
				COPY_PHASE_STRIP = NO;
				DEBUG_INFORMATION_FORMAT = dwarf;
				ENABLE_STRICT_OBJC_MSGSEND = YES;
				ENABLE_TESTABILITY = YES;
				GCC_C_LANGUAGE_STANDARD = gnu11;
				GCC_DYNAMIC_NO_PIC = NO;
				GCC_NO_COMMON_BLOCKS = YES;
				GCC_OPTIMIZATION_LEVEL = 0;
				GCC_PREPROCESSOR_DEFINITIONS = (
					"DEBUG=1",
					"$(inherited)",
				);
				GCC_WARN_64_TO_32_BIT_CONVERSION = YES;
				GCC_WARN_ABOUT_RETURN_TYPE = YES_ERROR;
				GCC_WARN_UNDECLARED_SELECTOR = YES;
				GCC_WARN_UNINITIALIZED_AUTOS = YES_AGGRESSIVE;
				GCC_WARN_UNUSED_FUNCTION = YES;
				GCC_WARN_UNUSED_VARIABLE = YES;
				IPHONEOS_DEPLOYMENT_TARGET = 12.2;
				MTL_ENABLE_DEBUG_INFO = INCLUDE_SOURCE;
				MTL_FAST_MATH = YES;
				ONLY_ACTIVE_ARCH = YES;
				SDKROOT = iphoneos;
			};
			name = Debug;
		};
		2BCE9EEE2320D4EC0065B479 /* Release */ = {
			isa = XCBuildConfiguration;
			buildSettings = {
				ALWAYS_SEARCH_USER_PATHS = NO;
				CLANG_ANALYZER_NONNULL = YES;
				CLANG_ANALYZER_NUMBER_OBJECT_CONVERSION = YES_AGGRESSIVE;
				CLANG_CXX_LANGUAGE_STANDARD = "gnu++14";
				CLANG_CXX_LIBRARY = "libc++";
				CLANG_ENABLE_MODULES = YES;
				CLANG_ENABLE_OBJC_ARC = YES;
				CLANG_ENABLE_OBJC_WEAK = YES;
				CLANG_WARN_BLOCK_CAPTURE_AUTORELEASING = YES;
				CLANG_WARN_BOOL_CONVERSION = YES;
				CLANG_WARN_COMMA = YES;
				CLANG_WARN_CONSTANT_CONVERSION = YES;
				CLANG_WARN_DEPRECATED_OBJC_IMPLEMENTATIONS = YES;
				CLANG_WARN_DIRECT_OBJC_ISA_USAGE = YES_ERROR;
				CLANG_WARN_DOCUMENTATION_COMMENTS = YES;
				CLANG_WARN_EMPTY_BODY = YES;
				CLANG_WARN_ENUM_CONVERSION = YES;
				CLANG_WARN_INFINITE_RECURSION = YES;
				CLANG_WARN_INT_CONVERSION = YES;
				CLANG_WARN_NON_LITERAL_NULL_CONVERSION = YES;
				CLANG_WARN_OBJC_IMPLICIT_RETAIN_SELF = YES;
				CLANG_WARN_OBJC_LITERAL_CONVERSION = YES;
				CLANG_WARN_OBJC_ROOT_CLASS = YES_ERROR;
				CLANG_WARN_RANGE_LOOP_ANALYSIS = YES;
				CLANG_WARN_STRICT_PROTOTYPES = YES;
				CLANG_WARN_SUSPICIOUS_MOVE = YES;
				CLANG_WARN_UNGUARDED_AVAILABILITY = YES_AGGRESSIVE;
				CLANG_WARN_UNREACHABLE_CODE = YES;
				CLANG_WARN__DUPLICATE_METHOD_MATCH = YES;
				CODE_SIGN_IDENTITY = "iPhone Developer";
				COPY_PHASE_STRIP = NO;
				DEBUG_INFORMATION_FORMAT = "dwarf-with-dsym";
				ENABLE_NS_ASSERTIONS = NO;
				ENABLE_STRICT_OBJC_MSGSEND = YES;
				GCC_C_LANGUAGE_STANDARD = gnu11;
				GCC_NO_COMMON_BLOCKS = YES;
				GCC_WARN_64_TO_32_BIT_CONVERSION = YES;
				GCC_WARN_ABOUT_RETURN_TYPE = YES_ERROR;
				GCC_WARN_UNDECLARED_SELECTOR = YES;
				GCC_WARN_UNINITIALIZED_AUTOS = YES_AGGRESSIVE;
				GCC_WARN_UNUSED_FUNCTION = YES;
				GCC_WARN_UNUSED_VARIABLE = YES;
				IPHONEOS_DEPLOYMENT_TARGET = 12.2;
				MTL_ENABLE_DEBUG_INFO = NO;
				MTL_FAST_MATH = YES;
				SDKROOT = iphoneos;
				VALIDATE_PRODUCT = YES;
			};
			name = Release;
		};
		2BCE9EF02320D4EC0065B479 /* Debug */ = {
			isa = XCBuildConfiguration;
			buildSettings = {
				ASSETCATALOG_COMPILER_APPICON_NAME = AppIcon;
				CODE_SIGN_STYLE = Automatic;
				INFOPLIST_FILE = gitTest2/Info.plist;
				LD_RUNPATH_SEARCH_PATHS = (
					"$(inherited)",
					"@executable_path/Frameworks",
				);
				PRODUCT_BUNDLE_IDENTIFIER = pbb.gitTest2;
				PRODUCT_NAME = "$(TARGET_NAME)";
				TARGETED_DEVICE_FAMILY = "1,2";
			};
			name = Debug;
		};
		2BCE9EF12320D4EC0065B479 /* Release */ = {
			isa = XCBuildConfiguration;
			buildSettings = {
				ASSETCATALOG_COMPILER_APPICON_NAME = AppIcon;
				CODE_SIGN_STYLE = Automatic;
				INFOPLIST_FILE = gitTest2/Info.plist;
				LD_RUNPATH_SEARCH_PATHS = (
					"$(inherited)",
					"@executable_path/Frameworks",
				);
				PRODUCT_BUNDLE_IDENTIFIER = pbb.gitTest2;
				PRODUCT_NAME = "$(TARGET_NAME)";
				TARGETED_DEVICE_FAMILY = "1,2";
			};
			name = Release;
		};
		2BCE9EF32320D4EC0065B479 /* Debug */ = {
			isa = XCBuildConfiguration;
			buildSettings = {
				BUNDLE_LOADER = "$(TEST_HOST)";
				CODE_SIGN_STYLE = Automatic;
				INFOPLIST_FILE = gitTest2Tests/Info.plist;
				LD_RUNPATH_SEARCH_PATHS = (
					"$(inherited)",
					"@executable_path/Frameworks",
					"@loader_path/Frameworks",
				);
				PRODUCT_BUNDLE_IDENTIFIER = pbb.gitTest2Tests;
				PRODUCT_NAME = "$(TARGET_NAME)";
				TARGETED_DEVICE_FAMILY = "1,2";
				TEST_HOST = "$(BUILT_PRODUCTS_DIR)/gitTest2.app/gitTest2";
			};
			name = Debug;
		};
		2BCE9EF42320D4EC0065B479 /* Release */ = {
			isa = XCBuildConfiguration;
			buildSettings = {
				BUNDLE_LOADER = "$(TEST_HOST)";
				CODE_SIGN_STYLE = Automatic;
				INFOPLIST_FILE = gitTest2Tests/Info.plist;
				LD_RUNPATH_SEARCH_PATHS = (
					"$(inherited)",
					"@executable_path/Frameworks",
					"@loader_path/Frameworks",
				);
				PRODUCT_BUNDLE_IDENTIFIER = pbb.gitTest2Tests;
				PRODUCT_NAME = "$(TARGET_NAME)";
				TARGETED_DEVICE_FAMILY = "1,2";
				TEST_HOST = "$(BUILT_PRODUCTS_DIR)/gitTest2.app/gitTest2";
			};
			name = Release;
		};
		2BCE9EF62320D4EC0065B479 /* Debug */ = {
			isa = XCBuildConfiguration;
			buildSettings = {
				CODE_SIGN_STYLE = Automatic;
				INFOPLIST_FILE = gitTest2UITests/Info.plist;
				LD_RUNPATH_SEARCH_PATHS = (
					"$(inherited)",
					"@executable_path/Frameworks",
					"@loader_path/Frameworks",
				);
				PRODUCT_BUNDLE_IDENTIFIER = pbb.gitTest2UITests;
				PRODUCT_NAME = "$(TARGET_NAME)";
				TARGETED_DEVICE_FAMILY = "1,2";
				TEST_TARGET_NAME = gitTest2;
			};
			name = Debug;
		};
		2BCE9EF72320D4EC0065B479 /* Release */ = {
			isa = XCBuildConfiguration;
			buildSettings = {
				CODE_SIGN_STYLE = Automatic;
				INFOPLIST_FILE = gitTest2UITests/Info.plist;
				LD_RUNPATH_SEARCH_PATHS = (
					"$(inherited)",
					"@executable_path/Frameworks",
					"@loader_path/Frameworks",
				);
				PRODUCT_BUNDLE_IDENTIFIER = pbb.gitTest2UITests;
				PRODUCT_NAME = "$(TARGET_NAME)";
				TARGETED_DEVICE_FAMILY = "1,2";
				TEST_TARGET_NAME = gitTest2;
			};
			name = Release;
		};
/* End XCBuildConfiguration section */

/* Begin XCConfigurationList section */
		2BCE9EBE2320D4EB0065B479 /* Build configuration list for PBXProject "gitTest2" */ = {
			isa = XCConfigurationList;
			buildConfigurations = (
				2BCE9EED2320D4EC0065B479 /* Debug */,
				2BCE9EEE2320D4EC0065B479 /* Release */,
			);
			defaultConfigurationIsVisible = 0;
			defaultConfigurationName = Release;
		};
		2BCE9EEF2320D4EC0065B479 /* Build configuration list for PBXNativeTarget "gitTest2" */ = {
			isa = XCConfigurationList;
			buildConfigurations = (
				2BCE9EF02320D4EC0065B479 /* Debug */,
				2BCE9EF12320D4EC0065B479 /* Release */,
			);
			defaultConfigurationIsVisible = 0;
			defaultConfigurationName = Release;
		};
		2BCE9EF22320D4EC0065B479 /* Build configuration list for PBXNativeTarget "gitTest2Tests" */ = {
			isa = XCConfigurationList;
			buildConfigurations = (
				2BCE9EF32320D4EC0065B479 /* Debug */,
				2BCE9EF42320D4EC0065B479 /* Release */,
			);
			defaultConfigurationIsVisible = 0;
			defaultConfigurationName = Release;
		};
		2BCE9EF52320D4EC0065B479 /* Build configuration list for PBXNativeTarget "gitTest2UITests" */ = {
			isa = XCConfigurationList;
			buildConfigurations = (
				2BCE9EF62320D4EC0065B479 /* Debug */,
				2BCE9EF72320D4EC0065B479 /* Release */,
			);
			defaultConfigurationIsVisible = 0;
			defaultConfigurationName = Release;
		};
/* End XCConfigurationList section */
	};
	rootObject = 2BCE9EBB2320D4EB0065B479 /* Project object */;
}
